
Microsoft Visual Studio Solution File, Format Version 12.00
# Visual Studio 15
VisualStudioVersion = 15.0.26124.0
MinimumVisualStudioVersion = 15.0.26124.0
Project("{FAE04EC0-301F-11D3-BF4B-00C04F79EFBC}") = "ScheduleAPI", "ScheduleAPI\ScheduleAPI.csproj", "{10C31F8A-F3CC-4EC1-BC49-B8CC0A0D457C}"
EndProject
Project("{2150E333-8FDC-42A3-9474-1A3956D46DE8}") = "DataSource", "DataSource", "{4FFBE8C5-5E83-42FD-90D6-529469A3350C}"
EndProject
Project("{FAE04EC0-301F-11D3-BF4B-00C04F79EFBC}") = "DataSourceAbstractions", "DataSourceAbstractions\DataSourceAbstractions.csproj", "{38309913-914C-4300-8577-B080183B05F2}"
EndProject
Project("{FAE04EC0-301F-11D3-BF4B-00C04F79EFBC}") = "DataSourceImplementation", "DataSourceImplementation\DataSourceImplementation.csproj", "{3B8514F2-7395-4A04-B22A-45414ADE1277}"
EndProject
Global
	GlobalSection(SolutionConfigurationPlatforms) = preSolution
		Debug|Any CPU = Debug|Any CPU
		Debug|x64 = Debug|x64
		Debug|x86 = Debug|x86
		Release|Any CPU = Release|Any CPU
		Release|x64 = Release|x64
		Release|x86 = Release|x86
	EndGlobalSection
	GlobalSection(SolutionProperties) = preSolution
		HideSolutionNode = FALSE
	EndGlobalSection
	GlobalSection(ProjectConfigurationPlatforms) = postSolution
		{10C31F8A-F3CC-4EC1-BC49-B8CC0A0D457C}.Debug|Any CPU.ActiveCfg = Debug|Any CPU
		{10C31F8A-F3CC-4EC1-BC49-B8CC0A0D457C}.Debug|Any CPU.Build.0 = Debug|Any CPU
		{10C31F8A-F3CC-4EC1-BC49-B8CC0A0D457C}.Debug|x64.ActiveCfg = Debug|Any CPU
		{10C31F8A-F3CC-4EC1-BC49-B8CC0A0D457C}.Debug|x64.Build.0 = Debug|Any CPU
		{10C31F8A-F3CC-4EC1-BC49-B8CC0A0D457C}.Debug|x86.ActiveCfg = Debug|Any CPU
		{10C31F8A-F3CC-4EC1-BC49-B8CC0A0D457C}.Debug|x86.Build.0 = Debug|Any CPU
		{10C31F8A-F3CC-4EC1-BC49-B8CC0A0D457C}.Release|Any CPU.ActiveCfg = Release|Any CPU
		{10C31F8A-F3CC-4EC1-BC49-B8CC0A0D457C}.Release|Any CPU.Build.0 = Release|Any CPU
		{10C31F8A-F3CC-4EC1-BC49-B8CC0A0D457C}.Release|x64.ActiveCfg = Release|Any CPU
		{10C31F8A-F3CC-4EC1-BC49-B8CC0A0D457C}.Release|x64.Build.0 = Release|Any CPU
		{10C31F8A-F3CC-4EC1-BC49-B8CC0A0D457C}.Release|x86.ActiveCfg = Release|Any CPU
		{10C31F8A-F3CC-4EC1-BC49-B8CC0A0D457C}.Release|x86.Build.0 = Release|Any CPU
		{38309913-914C-4300-8577-B080183B05F2}.Debug|Any CPU.ActiveCfg = Debug|Any CPU
		{38309913-914C-4300-8577-B080183B05F2}.Debug|Any CPU.Build.0 = Debug|Any CPU
		{38309913-914C-4300-8577-B080183B05F2}.Debug|x64.ActiveCfg = Debug|Any CPU
		{38309913-914C-4300-8577-B080183B05F2}.Debug|x64.Build.0 = Debug|Any CPU
		{38309913-914C-4300-8577-B080183B05F2}.Debug|x86.ActiveCfg = Debug|Any CPU
		{38309913-914C-4300-8577-B080183B05F2}.Debug|x86.Build.0 = Debug|Any CPU
		{38309913-914C-4300-8577-B080183B05F2}.Release|Any CPU.ActiveCfg = Release|Any CPU
		{38309913-914C-4300-8577-B080183B05F2}.Release|Any CPU.Build.0 = Release|Any CPU
		{38309913-914C-4300-8577-B080183B05F2}.Release|x64.ActiveCfg = Release|Any CPU
		{38309913-914C-4300-8577-B080183B05F2}.Release|x64.Build.0 = Release|Any CPU
		{38309913-914C-4300-8577-B080183B05F2}.Release|x86.ActiveCfg = Release|Any CPU
		{38309913-914C-4300-8577-B080183B05F2}.Release|x86.Build.0 = Release|Any CPU
		{3B8514F2-7395-4A04-B22A-45414ADE1277}.Debug|Any CPU.ActiveCfg = Debug|Any CPU
		{3B8514F2-7395-4A04-B22A-45414ADE1277}.Debug|Any CPU.Build.0 = Debug|Any CPU
		{3B8514F2-7395-4A04-B22A-45414ADE1277}.Debug|x64.ActiveCfg = Debug|Any CPU
		{3B8514F2-7395-4A04-B22A-45414ADE1277}.Debug|x64.Build.0 = Debug|Any CPU
		{3B8514F2-7395-4A04-B22A-45414ADE1277}.Debug|x86.ActiveCfg = Debug|Any CPU
		{3B8514F2-7395-4A04-B22A-45414ADE1277}.Debug|x86.Build.0 = Debug|Any CPU
		{3B8514F2-7395-4A04-B22A-45414ADE1277}.Release|Any CPU.ActiveCfg = Release|Any CPU
		{3B8514F2-7395-4A04-B22A-45414ADE1277}.Release|Any CPU.Build.0 = Release|Any CPU
		{3B8514F2-7395-4A04-B22A-45414ADE1277}.Release|x64.ActiveCfg = Release|Any CPU
		{3B8514F2-7395-4A04-B22A-45414ADE1277}.Release|x64.Build.0 = Release|Any CPU
		{3B8514F2-7395-4A04-B22A-45414ADE1277}.Release|x86.ActiveCfg = Release|Any CPU
		{3B8514F2-7395-4A04-B22A-45414ADE1277}.Release|x86.Build.0 = Release|Any CPU
	EndGlobalSection
	GlobalSection(NestedProjects) = preSolution
		{38309913-914C-4300-8577-B080183B05F2} = {4FFBE8C5-5E83-42FD-90D6-529469A3350C}
		{3B8514F2-7395-4A04-B22A-45414ADE1277} = {4FFBE8C5-5E83-42FD-90D6-529469A3350C}
	EndGlobalSection
EndGlobal
